// !$*UTF8*$!
{
	archiveVersion = 1;
	classes = {
	};
	objectVersion = 46;
	objects = {

/* Begin PBXBuildFile section */
		3E744BBB1E74BF9A00322955 /* AppDelegate.swift in Sources */ = {isa = PBXBuildFile; fileRef = 3E744BBA1E74BF9A00322955 /* AppDelegate.swift */; };
		3E744BBD1E74BF9A00322955 /* ViewController.swift in Sources */ = {isa = PBXBuildFile; fileRef = 3E744BBC1E74BF9A00322955 /* ViewController.swift */; };
		3E744BC01E74BF9A00322955 /* Main.storyboard in Resources */ = {isa = PBXBuildFile; fileRef = 3E744BBE1E74BF9A00322955 /* Main.storyboard */; };
		3E744BC21E74BF9A00322955 /* Assets.xcassets in Resources */ = {isa = PBXBuildFile; fileRef = 3E744BC11E74BF9A00322955 /* Assets.xcassets */; };
		3E744BC51E74BF9A00322955 /* LaunchScreen.storyboard in Resources */ = {isa = PBXBuildFile; fileRef = 3E744BC31E74BF9A00322955 /* LaunchScreen.storyboard */; };
		3E744BD01E74BF9B00322955 /* MyTipCalculatorTests.swift in Sources */ = {isa = PBXBuildFile; fileRef = 3E744BCF1E74BF9B00322955 /* MyTipCalculatorTests.swift */; };
		3E744BDB1E74BF9B00322955 /* MyTipCalculatorUITests.swift in Sources */ = {isa = PBXBuildFile; fileRef = 3E744BDA1E74BF9B00322955 /* MyTipCalculatorUITests.swift */; };
		3E9811701E74DD1800D19538 /* SettingsViewController.swift in Sources */ = {isa = PBXBuildFile; fileRef = 3E98116F1E74DD1800D19538 /* SettingsViewController.swift */; };
/* End PBXBuildFile section */

/* Begin PBXContainerItemProxy section */
		3E744BCC1E74BF9B00322955 /* PBXContainerItemProxy */ = {
			isa = PBXContainerItemProxy;
			containerPortal = 3E744BAF1E74BF9800322955 /* Project object */;
			proxyType = 1;
			remoteGlobalIDString = 3E744BB61E74BF9900322955;
			remoteInfo = MyTipCalculator;
		};
		3E744BD71E74BF9B00322955 /* PBXContainerItemProxy */ = {
			isa = PBXContainerItemProxy;
			containerPortal = 3E744BAF1E74BF9800322955 /* Project object */;
			proxyType = 1;
			remoteGlobalIDString = 3E744BB61E74BF9900322955;
			remoteInfo = MyTipCalculator;
		};
/* End PBXContainerItemProxy section */

/* Begin PBXFileReference section */
		3E744BB71E74BF9A00322955 /* MyTipCalculator.app */ = {isa = PBXFileReference; explicitFileType = wrapper.application; includeInIndex = 0; path = MyTipCalculator.app; sourceTree = BUILT_PRODUCTS_DIR; };
		3E744BBA1E74BF9A00322955 /* AppDelegate.swift */ = {isa = PBXFileReference; lastKnownFileType = sourcecode.swift; path = AppDelegate.swift; sourceTree = "<group>"; };
		3E744BBC1E74BF9A00322955 /* ViewController.swift */ = {isa = PBXFileReference; lastKnownFileType = sourcecode.swift; path = ViewController.swift; sourceTree = "<group>"; };
		3E744BBF1E74BF9A00322955 /* Base */ = {isa = PBXFileReference; lastKnownFileType = file.storyboard; name = Base; path = Base.lproj/Main.storyboard; sourceTree = "<group>"; };
		3E744BC11E74BF9A00322955 /* Assets.xcassets */ = {isa = PBXFileReference; lastKnownFileType = folder.assetcatalog; path = Assets.xcassets; sourceTree = "<group>"; };
		3E744BC41E74BF9A00322955 /* Base */ = {isa = PBXFileReference; lastKnownFileType = file.storyboard; name = Base; path = Base.lproj/LaunchScreen.storyboard; sourceTree = "<group>"; };
		3E744BC61E74BF9A00322955 /* Info.plist */ = {isa = PBXFileReference; lastKnownFileType = text.plist.xml; path = Info.plist; sourceTree = "<group>"; };
		3E744BCB1E74BF9B00322955 /* MyTipCalculatorTests.xctest */ = {isa = PBXFileReference; explicitFileType = wrapper.cfbundle; includeInIndex = 0; path = MyTipCalculatorTests.xctest; sourceTree = BUILT_PRODUCTS_DIR; };
		3E744BCF1E74BF9B00322955 /* MyTipCalculatorTests.swift */ = {isa = PBXFileReference; lastKnownFileType = sourcecode.swift; path = MyTipCalculatorTests.swift; sourceTree = "<group>"; };
		3E744BD11E74BF9B00322955 /* Info.plist */ = {isa = PBXFileReference; lastKnownFileType = text.plist.xml; path = Info.plist; sourceTree = "<group>"; };
		3E744BD61E74BF9B00322955 /* MyTipCalculatorUITests.xctest */ = {isa = PBXFileReference; explicitFileType = wrapper.cfbundle; includeInIndex = 0; path = MyTipCalculatorUITests.xctest; sourceTree = BUILT_PRODUCTS_DIR; };
		3E744BDA1E74BF9B00322955 /* MyTipCalculatorUITests.swift */ = {isa = PBXFileReference; lastKnownFileType = sourcecode.swift; path = MyTipCalculatorUITests.swift; sourceTree = "<group>"; };
		3E744BDC1E74BF9B00322955 /* Info.plist */ = {isa = PBXFileReference; lastKnownFileType = text.plist.xml; path = Info.plist; sourceTree = "<group>"; };
		3E98116F1E74DD1800D19538 /* SettingsViewController.swift */ = {isa = PBXFileReference; fileEncoding = 4; lastKnownFileType = sourcecode.swift; path = SettingsViewController.swift; sourceTree = "<group>"; };
/* End PBXFileReference section */

/* Begin PBXFrameworksBuildPhase section */
		3E744BB41E74BF9900322955 /* Frameworks */ = {
			isa = PBXFrameworksBuildPhase;
			buildActionMask = 2147483647;
			files = (
			);
			runOnlyForDeploymentPostprocessing = 0;
		};
		3E744BC81E74BF9A00322955 /* Frameworks */ = {
			isa = PBXFrameworksBuildPhase;
			buildActionMask = 2147483647;
			files = (
			);
			runOnlyForDeploymentPostprocessing = 0;
		};
		3E744BD31E74BF9B00322955 /* Frameworks */ = {
			isa = PBXFrameworksBuildPhase;
			buildActionMask = 2147483647;
			files = (
			);
			runOnlyForDeploymentPostprocessing = 0;
		};
/* End PBXFrameworksBuildPhase section */

/* Begin PBXGroup section */
		3E744BAE1E74BF9800322955 = {
			isa = PBXGroup;
			children = (
				3E744BB91E74BF9A00322955 /* MyTipCalculator */,
				3E744BCE1E74BF9B00322955 /* MyTipCalculatorTests */,
				3E744BD91E74BF9B00322955 /* MyTipCalculatorUITests */,
				3E744BB81E74BF9A00322955 /* Products */,
			);
			sourceTree = "<group>";
		};
		3E744BB81E74BF9A00322955 /* Products */ = {
			isa = PBXGroup;
			children = (
				3E744BB71E74BF9A00322955 /* MyTipCalculator.app */,
				3E744BCB1E74BF9B00322955 /* MyTipCalculatorTests.xctest */,
				3E744BD61E74BF9B00322955 /* MyTipCalculatorUITests.xctest */,
			);
			name = Products;
			sourceTree = "<group>";
		};
		3E744BB91E74BF9A00322955 /* MyTipCalculator */ = {
			isa = PBXGroup;
			children = (
				3E744BBA1E74BF9A00322955 /* AppDelegate.swift */,
				3E98116F1E74DD1800D19538 /* SettingsViewController.swift */,
				3E744BBC1E74BF9A00322955 /* ViewController.swift */,
				3E744BBE1E74BF9A00322955 /* Main.storyboard */,
				3E744BC11E74BF9A00322955 /* Assets.xcassets */,
				3E744BC31E74BF9A00322955 /* LaunchScreen.storyboard */,
				3E744BC61E74BF9A00322955 /* Info.plist */,
			);
			path = MyTipCalculator;
			sourceTree = "<group>";
		};
		3E744BCE1E74BF9B00322955 /* MyTipCalculatorTests */ = {
			isa = PBXGroup;
			children = (
				3E744BCF1E74BF9B00322955 /* MyTipCalculatorTests.swift */,
				3E744BD11E74BF9B00322955 /* Info.plist */,
			);
			path = MyTipCalculatorTests;
			sourceTree = "<group>";
		};
		3E744BD91E74BF9B00322955 /* MyTipCalculatorUITests */ = {
			isa = PBXGroup;
			children = (
				3E744BDA1E74BF9B00322955 /* MyTipCalculatorUITests.swift */,
				3E744BDC1E74BF9B00322955 /* Info.plist */,
			);
			path = MyTipCalculatorUITests;
			sourceTree = "<group>";
		};
/* End PBXGroup section */

/* Begin PBXNativeTarget section */
		3E744BB61E74BF9900322955 /* MyTipCalculator */ = {
			isa = PBXNativeTarget;
			buildConfigurationList = 3E744BDF1E74BF9B00322955 /* Build configuration list for PBXNativeTarget "MyTipCalculator" */;
			buildPhases = (
				3E744BB31E74BF9900322955 /* Sources */,
				3E744BB41E74BF9900322955 /* Frameworks */,
				3E744BB51E74BF9900322955 /* Resources */,
			);
			buildRules = (
			);
			dependencies = (
			);
			name = MyTipCalculator;
			productName = MyTipCalculator;
			productReference = 3E744BB71E74BF9A00322955 /* MyTipCalculator.app */;
			productType = "com.apple.product-type.application";
		};
		3E744BCA1E74BF9A00322955 /* MyTipCalculatorTests */ = {
			isa = PBXNativeTarget;
			buildConfigurationList = 3E744BE21E74BF9B00322955 /* Build configuration list for PBXNativeTarget "MyTipCalculatorTests" */;
			buildPhases = (
				3E744BC71E74BF9A00322955 /* Sources */,
				3E744BC81E74BF9A00322955 /* Frameworks */,
				3E744BC91E74BF9A00322955 /* Resources */,
			);
			buildRules = (
			);
			dependencies = (
				3E744BCD1E74BF9B00322955 /* PBXTargetDependency */,
			);
			name = MyTipCalculatorTests;
			productName = MyTipCalculatorTests;
			productReference = 3E744BCB1E74BF9B00322955 /* MyTipCalculatorTests.xctest */;
			productType = "com.apple.product-type.bundle.unit-test";
		};
		3E744BD51E74BF9B00322955 /* MyTipCalculatorUITests */ = {
			isa = PBXNativeTarget;
			buildConfigurationList = 3E744BE51E74BF9B00322955 /* Build configuration list for PBXNativeTarget "MyTipCalculatorUITests" */;
			buildPhases = (
				3E744BD21E74BF9B00322955 /* Sources */,
				3E744BD31E74BF9B00322955 /* Frameworks */,
				3E744BD41E74BF9B00322955 /* Resources */,
			);
			buildRules = (
			);
			dependencies = (
				3E744BD81E74BF9B00322955 /* PBXTargetDependency */,
			);
			name = MyTipCalculatorUITests;
			productName = MyTipCalculatorUITests;
			productReference = 3E744BD61E74BF9B00322955 /* MyTipCalculatorUITests.xctest */;
			productType = "com.apple.product-type.bundle.ui-testing";
		};
/* End PBXNativeTarget section */

/* Begin PBXProject section */
		3E744BAF1E74BF9800322955 /* Project object */ = {
			isa = PBXProject;
			attributes = {
				LastSwiftUpdateCheck = 0820;
				LastUpgradeCheck = 0820;
				ORGANIZATIONNAME = "raja kosuru";
				TargetAttributes = {
					3E744BB61E74BF9900322955 = {
						CreatedOnToolsVersion = 8.2.1;
						ProvisioningStyle = Automatic;
					};
					3E744BCA1E74BF9A00322955 = {
						CreatedOnToolsVersion = 8.2.1;
						ProvisioningStyle = Automatic;
						TestTargetID = 3E744BB61E74BF9900322955;
					};
					3E744BD51E74BF9B00322955 = {
						CreatedOnToolsVersion = 8.2.1;
						ProvisioningStyle = Automatic;
						TestTargetID = 3E744BB61E74BF9900322955;
					};
				};
			};
			buildConfigurationList = 3E744BB21E74BF9800322955 /* Build configuration list for PBXProject "MyTipCalculator" */;
			compatibilityVersion = "Xcode 3.2";
			developmentRegion = English;
			hasScannedForEncodings = 0;
			knownRegions = (
				en,
				Base,
			);
			mainGroup = 3E744BAE1E74BF9800322955;
			productRefGroup = 3E744BB81E74BF9A00322955 /* Products */;
			projectDirPath = "";
			projectRoot = "";
			targets = (
				3E744BB61E74BF9900322955 /* MyTipCalculator */,
				3E744BCA1E74BF9A00322955 /* MyTipCalculatorTests */,
				3E744BD51E74BF9B00322955 /* MyTipCalculatorUITests */,
			);
		};
/* End PBXProject section */

/* Begin PBXResourcesBuildPhase section */
		3E744BB51E74BF9900322955 /* Resources */ = {
			isa = PBXResourcesBuildPhase;
			buildActionMask = 2147483647;
			files = (
				3E744BC51E74BF9A00322955 /* LaunchScreen.storyboard in Resources */,
				3E744BC21E74BF9A00322955 /* Assets.xcassets in Resources */,
				3E744BC01E74BF9A00322955 /* Main.storyboard in Resources */,
			);
			runOnlyForDeploymentPostprocessing = 0;
		};
		3E744BC91E74BF9A00322955 /* Resources */ = {
			isa = PBXResourcesBuildPhase;
			buildActionMask = 2147483647;
			files = (
			);
			runOnlyForDeploymentPostprocessing = 0;
		};
		3E744BD41E74BF9B00322955 /* Resources */ = {
			isa = PBXResourcesBuildPhase;
			buildActionMask = 2147483647;
			files = (
			);
			runOnlyForDeploymentPostprocessing = 0;
		};
/* End PBXResourcesBuildPhase section */

/* Begin PBXSourcesBuildPhase section */
		3E744BB31E74BF9900322955 /* Sources */ = {
			isa = PBXSourcesBuildPhase;
			buildActionMask = 2147483647;
			files = (
				3E744BBD1E74BF9A00322955 /* ViewController.swift in Sources */,
				3E744BBB1E74BF9A00322955 /* AppDelegate.swift in Sources */,
				3E9811701E74DD1800D19538 /* SettingsViewController.swift in Sources */,
			);
			runOnlyForDeploymentPostprocessing = 0;
		};
		3E744BC71E74BF9A00322955 /* Sources */ = {
			isa = PBXSourcesBuildPhase;
			buildActionMask = 2147483647;
			files = (
				3E744BD01E74BF9B00322955 /* MyTipCalculatorTests.swift in Sources */,
			);
			runOnlyForDeploymentPostprocessing = 0;
		};
		3E744BD21E74BF9B00322955 /* Sources */ = {
			isa = PBXSourcesBuildPhase;
			buildActionMask = 2147483647;
			files = (
				3E744BDB1E74BF9B00322955 /* MyTipCalculatorUITests.swift in Sources */,
			);
			runOnlyForDeploymentPostprocessing = 0;
		};
/* End PBXSourcesBuildPhase section */

/* Begin PBXTargetDependency section */
		3E744BCD1E74BF9B00322955 /* PBXTargetDependency */ = {
			isa = PBXTargetDependency;
			target = 3E744BB61E74BF9900322955 /* MyTipCalculator */;
			targetProxy = 3E744BCC1E74BF9B00322955 /* PBXContainerItemProxy */;
		};
		3E744BD81E74BF9B00322955 /* PBXTargetDependency */ = {
			isa = PBXTargetDependency;
			target = 3E744BB61E74BF9900322955 /* MyTipCalculator */;
			targetProxy = 3E744BD71E74BF9B00322955 /* PBXContainerItemProxy */;
		};
/* End PBXTargetDependency section */

/* Begin PBXVariantGroup section */
		3E744BBE1E74BF9A00322955 /* Main.storyboard */ = {
			isa = PBXVariantGroup;
			children = (
				3E744BBF1E74BF9A00322955 /* Base */,
			);
			name = Main.storyboard;
			sourceTree = "<group>";
		};
		3E744BC31E74BF9A00322955 /* LaunchScreen.storyboard */ = {
			isa = PBXVariantGroup;
			children = (
				3E744BC41E74BF9A00322955 /* Base */,
			);
			name = LaunchScreen.storyboard;
			sourceTree = "<group>";
		};
/* End PBXVariantGroup section */

/* Begin XCBuildConfiguration section */
		3E744BDD1E74BF9B00322955 /* Debug */ = {
			isa = XCBuildConfiguration;
			buildSettings = {
				ALWAYS_SEARCH_USER_PATHS = NO;
				CLANG_ANALYZER_NONNULL = YES;
				CLANG_CXX_LANGUAGE_STANDARD = "gnu++0x";
				CLANG_CXX_LIBRARY = "libc++";
				CLANG_ENABLE_MODULES = YES;
				CLANG_ENABLE_OBJC_ARC = YES;
				CLANG_WARN_BOOL_CONVERSION = YES;
				CLANG_WARN_CONSTANT_CONVERSION = YES;
				CLANG_WARN_DIRECT_OBJC_ISA_USAGE = YES_ERROR;
				CLANG_WARN_DOCUMENTATION_COMMENTS = YES;
				CLANG_WARN_EMPTY_BODY = YES;
				CLANG_WARN_ENUM_CONVERSION = YES;
				CLANG_WARN_INFINITE_RECURSION = YES;
				CLANG_WARN_INT_CONVERSION = YES;
				CLANG_WARN_OBJC_ROOT_CLASS = YES_ERROR;
				CLANG_WARN_SUSPICIOUS_MOVE = YES;
				CLANG_WARN_UNREACHABLE_CODE = YES;
				CLANG_WARN__DUPLICATE_METHOD_MATCH = YES;
				"CODE_SIGN_IDENTITY[sdk=iphoneos*]" = "iPhone Developer";
				COPY_PHASE_STRIP = NO;
				DEBUG_INFORMATION_FORMAT = dwarf;
				ENABLE_STRICT_OBJC_MSGSEND = YES;
				ENABLE_TESTABILITY = YES;
				GCC_C_LANGUAGE_STANDARD = gnu99;
				GCC_DYNAMIC_NO_PIC = NO;
				GCC_NO_COMMON_BLOCKS = YES;
				GCC_OPTIMIZATION_LEVEL = 0;
				GCC_PREPROCESSOR_DEFINITIONS = (
					"DEBUG=1",
					"$(inherited)",
				);
				GCC_WARN_64_TO_32_BIT_CONVERSION = YES;
				GCC_WARN_ABOUT_RETURN_TYPE = YES_ERROR;
				GCC_WARN_UNDECLARED_SELECTOR = YES;
				GCC_WARN_UNINITIALIZED_AUTOS = YES_AGGRESSIVE;
				GCC_WARN_UNUSED_FUNCTION = YES;
				GCC_WARN_UNUSED_VARIABLE = YES;
				IPHONEOS_DEPLOYMENT_TARGET = 10.2;
				MTL_ENABLE_DEBUG_INFO = YES;
				ONLY_ACTIVE_ARCH = YES;
				SDKROOT = iphoneos;
				SWIFT_ACTIVE_COMPILATION_CONDITIONS = DEBUG;
				SWIFT_OPTIMIZATION_LEVEL = "-Onone";
			};
			name = Debug;
		};
		3E744BDE1E74BF9B00322955 /* Release */ = {
			isa = XCBuildConfiguration;
			buildSettings = {
				ALWAYS_SEARCH_USER_PATHS = NO;
				CLANG_ANALYZER_NONNULL = YES;
				CLANG_CXX_LANGUAGE_STANDARD = "gnu++0x";
				CLANG_CXX_LIBRARY = "libc++";
				CLANG_ENABLE_MODULES = YES;
				CLANG_ENABLE_OBJC_ARC = YES;
				CLANG_WARN_BOOL_CONVERSION = YES;
				CLANG_WARN_CONSTANT_CONVERSION = YES;
				CLANG_WARN_DIRECT_OBJC_ISA_USAGE = YES_ERROR;
				CLANG_WARN_DOCUMENTATION_COMMENTS = YES;
				CLANG_WARN_EMPTY_BODY = YES;
				CLANG_WARN_ENUM_CONVERSION = YES;
				CLANG_WARN_INFINITE_RECURSION = YES;
				CLANG_WARN_INT_CONVERSION = YES;
				CLANG_WARN_OBJC_ROOT_CLASS = YES_ERROR;
				CLANG_WARN_SUSPICIOUS_MOVE = YES;
				CLANG_WARN_UNREACHABLE_CODE = YES;
				CLANG_WARN__DUPLICATE_METHOD_MATCH = YES;
				"CODE_SIGN_IDENTITY[sdk=iphoneos*]" = "iPhone Developer";
				COPY_PHASE_STRIP = NO;
				DEBUG_INFORMATION_FORMAT = "dwarf-with-dsym";
				ENABLE_NS_ASSERTIONS = NO;
				ENABLE_STRICT_OBJC_MSGSEND = YES;
				GCC_C_LANGUAGE_STANDARD = gnu99;
				GCC_NO_COMMON_BLOCKS = YES;
				GCC_WARN_64_TO_32_BIT_CONVERSION = YES;
				GCC_WARN_ABOUT_RETURN_TYPE = YES_ERROR;
				GCC_WARN_UNDECLARED_SELECTOR = YES;
				GCC_WARN_UNINITIALIZED_AUTOS = YES_AGGRESSIVE;
				GCC_WARN_UNUSED_FUNCTION = YES;
				GCC_WARN_UNUSED_VARIABLE = YES;
				IPHONEOS_DEPLOYMENT_TARGET = 10.2;
				MTL_ENABLE_DEBUG_INFO = NO;
				SDKROOT = iphoneos;
				SWIFT_OPTIMIZATION_LEVEL = "-Owholemodule";
				VALIDATE_PRODUCT = YES;
			};
			name = Release;
		};
		3E744BE01E74BF9B00322955 /* Debug */ = {
			isa = XCBuildConfiguration;
			buildSettings = {
				ASSETCATALOG_COMPILER_APPICON_NAME = AppIcon;
				INFOPLIST_FILE = MyTipCalculator/Info.plist;
				LD_RUNPATH_SEARCH_PATHS = "$(inherited) @executable_path/Frameworks";
				PRODUCT_BUNDLE_IDENTIFIER = self.MyTipCalculator;
				PRODUCT_NAME = "$(TARGET_NAME)";
				SWIFT_VERSION = 3.0;
			};
			name = Debug;
		};
		3E744BE11E74BF9B00322955 /* Release */ = {
			isa = XCBuildConfiguration;
			buildSettings = {
				ASSETCATALOG_COMPILER_APPICON_NAME = AppIcon;
				INFOPLIST_FILE = MyTipCalculator/Info.plist;
				LD_RUNPATH_SEARCH_PATHS = "$(inherited) @executable_path/Frameworks";
				PRODUCT_BUNDLE_IDENTIFIER = self.MyTipCalculator;
				PRODUCT_NAME = "$(TARGET_NAME)";
				SWIFT_VERSION = 3.0;
			};
			name = Release;
		};
		3E744BE31E74BF9B00322955 /* Debug */ = {
			isa = XCBuildConfiguration;
			buildSettings = {
				ALWAYS_EMBED_SWIFT_STANDARD_LIBRARIES = YES;
				BUNDLE_LOADER = "$(TEST_HOST)";
				INFOPLIST_FILE = MyTipCalculatorTests/Info.plist;
				LD_RUNPATH_SEARCH_PATHS = "$(inherited) @executable_path/Frameworks @loader_path/Frameworks";
				PRODUCT_BUNDLE_IDENTIFIER = self.MyTipCalculatorTests;
				PRODUCT_NAME = "$(TARGET_NAME)";
				SWIFT_VERSION = 3.0;
				TEST_HOST = "$(BUILT_PRODUCTS_DIR)/MyTipCalculator.app/MyTipCalculator";
			};
			name = Debug;
		};
		3E744BE41E74BF9B00322955 /* Release */ = {
			isa = XCBuildConfiguration;
			buildSettings = {
				ALWAYS_EMBED_SWIFT_STANDARD_LIBRARIES = YES;
				BUNDLE_LOADER = "$(TEST_HOST)";
				INFOPLIST_FILE = MyTipCalculatorTests/Info.plist;
				LD_RUNPATH_SEARCH_PATHS = "$(inherited) @executable_path/Frameworks @loader_path/Frameworks";
				PRODUCT_BUNDLE_IDENTIFIER = self.MyTipCalculatorTests;
				PRODUCT_NAME = "$(TARGET_NAME)";
				SWIFT_VERSION = 3.0;
				TEST_HOST = "$(BUILT_PRODUCTS_DIR)/MyTipCalculator.app/MyTipCalculator";
			};
			name = Release;
		};
		3E744BE61E74BF9B00322955 /* Debug */ = {
			isa = XCBuildConfiguration;
			buildSettings = {
				ALWAYS_EMBED_SWIFT_STANDARD_LIBRARIES = YES;
				INFOPLIST_FILE = MyTipCalculatorUITests/Info.plist;
				LD_RUNPATH_SEARCH_PATHS = "$(inherited) @executable_path/Frameworks @loader_path/Frameworks";
				PRODUCT_BUNDLE_IDENTIFIER = self.MyTipCalculatorUITests;
				PRODUCT_NAME = "$(TARGET_NAME)";
				SWIFT_VERSION = 3.0;
				TEST_TARGET_NAME = MyTipCalculator;
			};
			name = Debug;
		};
		3E744BE71E74BF9B00322955 /* Release */ = {
			isa = XCBuildConfiguration;
			buildSettings = {
				ALWAYS_EMBED_SWIFT_STANDARD_LIBRARIES = YES;
				INFOPLIST_FILE = MyTipCalculatorUITests/Info.plist;
				LD_RUNPATH_SEARCH_PATHS = "$(inherited) @executable_path/Frameworks @loader_path/Frameworks";
				PRODUCT_BUNDLE_IDENTIFIER = self.MyTipCalculatorUITests;
				PRODUCT_NAME = "$(TARGET_NAME)";
				SWIFT_VERSION = 3.0;
				TEST_TARGET_NAME = MyTipCalculator;
			};
			name = Release;
		};
/* End XCBuildConfiguration section */

/* Begin XCConfigurationList section */
		3E744BB21E74BF9800322955 /* Build configuration list for PBXProject "MyTipCalculator" */ = {
			isa = XCConfigurationList;
			buildConfigurations = (
				3E744BDD1E74BF9B00322955 /* Debug */,
				3E744BDE1E74BF9B00322955 /* Release */,
			);
			defaultConfigurationIsVisible = 0;
			defaultConfigurationName = Release;
		};
		3E744BDF1E74BF9B00322955 /* Build configuration list for PBXNativeTarget "MyTipCalculator" */ = {
			isa = XCConfigurationList;
			buildConfigurations = (
				3E744BE01E74BF9B00322955 /* Debug */,
				3E744BE11E74BF9B00322955 /* Release */,
			);
			defaultConfigurationIsVisible = 0;
			defaultConfigurationName = Release;
		};
		3E744BE21E74BF9B00322955 /* Build configuration list for PBXNativeTarget "MyTipCalculatorTests" */ = {
			isa = XCConfigurationList;
			buildConfigurations = (
				3E744BE31E74BF9B00322955 /* Debug */,
				3E744BE41E74BF9B00322955 /* Release */,
			);
			defaultConfigurationIsVisible = 0;
			defaultConfigurationName = Release;
		};
		3E744BE51E74BF9B00322955 /* Build configuration list for PBXNativeTarget "MyTipCalculatorUITests" */ = {
			isa = XCConfigurationList;
			buildConfigurations = (
				3E744BE61E74BF9B00322955 /* Debug */,
				3E744BE71E74BF9B00322955 /* Release */,
			);
			defaultConfigurationIsVisible = 0;
			defaultConfigurationName = Release;
		};
/* End XCConfigurationList section */
	};
	rootObject = 3E744BAF1E74BF9800322955 /* Project object */;
}
